{
    "version": 3,
    "terraform_version": "0.11.7",
    "serial": 1,
    "lineage": "9220acc6-c1b5-04e3-2fe4-9bee02c282f2",
    "modules": [
        {
            "path": [
                "root"
            ],
            "outputs": {},
            "resources": {
                "docker_container.vault": {
                    "type": "docker_container",
                    "depends_on": [
                        "docker_image.vault"
                    ],
                    "primary": {
                        "id": "642341983ffd002456fcf1d0cc1f6b2bdb8299b0d394e17eb098be79eae1f3ab",
                        "attributes": {
                            "attach": "false",
                            "bridge": "",
                            "env.#": "3",
                            "env.3042859841": "VAULT_DEV_ROOT_TOKEN_ID=toor",
                            "env.3184171523": "SKIP_SETCAP=yes",
                            "env.84002520": "VAULT_DEV_LISTEN_ADDRESS=0.0.0.0:8200",
                            "gateway": "172.17.0.1",
                            "hostname": "vault",
                            "id": "642341983ffd002456fcf1d0cc1f6b2bdb8299b0d394e17eb098be79eae1f3ab",
                            "image": "sha256:f0d440bc4abb177d972755563cba67860f2d513246bfd03caf11ee7465732db0",
                            "ip_address": "172.17.0.2",
                            "ip_prefix_length": "16",
                            "log_driver": "json-file",
                            "logs": "false",
                            "must_run": "true",
                            "name": "vault",
                            "network_data.#": "1",
                            "network_data.0.gateway": "172.17.0.1",
                            "network_data.0.ip_address": "172.17.0.2",
                            "network_data.0.ip_prefix_length": "16",
                            "network_data.0.network_name": "bridge",
                            "ports.#": "1",
                            "ports.0.external": "8200",
                            "ports.0.internal": "8200",
                            "ports.0.ip": "0.0.0.0",
                            "ports.0.protocol": "tcp",
                            "restart": "no",
                            "rm": "false",
                            "start": "true"
                        },
                        "meta": {
                            "schema_version": "1"
                        },
                        "tainted": false
                    },
                    "deposed": [],
                    "provider": "provider.docker"
                },
                "docker_image.vault": {
                    "type": "docker_image",
                    "depends_on": [],
                    "primary": {
                        "id": "sha256:f0d440bc4abb177d972755563cba67860f2d513246bfd03caf11ee7465732db0vault:latest",
                        "attributes": {
                            "id": "sha256:f0d440bc4abb177d972755563cba67860f2d513246bfd03caf11ee7465732db0vault:latest",
                            "keep_locally": "true",
                            "latest": "sha256:f0d440bc4abb177d972755563cba67860f2d513246bfd03caf11ee7465732db0",
                            "name": "vault:latest"
                        },
                        "meta": {},
                        "tainted": false
                    },
                    "deposed": [],
                    "provider": "provider.docker"
                }
            },
            "depends_on": []
        }
    ]
}
